
Microsoft Visual Studio Solution File, Format Version 12.00
Project("{FAE04EC0-301F-11D3-BF4B-00C04F79EFBC}") = "secureFunctions", "secureFunctions\secureFunctions.csproj", "{B605862B-21B6-4318-9CC1-AD59379F0481}"
EndProject
Global
	GlobalSection(SolutionConfigurationPlatforms) = preSolution
		Debug|Any CPU = Debug|Any CPU
		Release|Any CPU = Release|Any CPU
	EndGlobalSection
	GlobalSection(ProjectConfigurationPlatforms) = postSolution
		{B605862B-21B6-4318-9CC1-AD59379F0481}.Debug|Any CPU.ActiveCfg = Debug|Any CPU
		{B605862B-21B6-4318-9CC1-AD59379F0481}.Debug|Any CPU.Build.0 = Debug|Any CPU
		{B605862B-21B6-4318-9CC1-AD59379F0481}.Release|Any CPU.ActiveCfg = Release|Any CPU
		{B605862B-21B6-4318-9CC1-AD59379F0481}.Release|Any CPU.Build.0 = Release|Any CPU
	EndGlobalSection
EndGlobal
